
Microsoft Visual Studio Solution File, Format Version 12.00
# Visual Studio Version 16
VisualStudioVersion = 16.0.31424.327
MinimumVisualStudioVersion = 10.0.40219.1
Project("{FAE04EC0-301F-11D3-BF4B-00C04F79EFBC}") = "MyFirstConsoleApp", "MyFirstConsoleApp\MyFirstConsoleApp.csproj", "{CF2FF087-B906-465C-B9D5-040C522C792F}"
EndProject
Global
	GlobalSection(SolutionConfigurationPlatforms) = preSolution
		Debug|Any CPU = Debug|Any CPU
		Release|Any CPU = Release|Any CPU
	EndGlobalSection
	GlobalSection(ProjectConfigurationPlatforms) = postSolution
		{CF2FF087-B906-465C-B9D5-040C522C792F}.Debug|Any CPU.ActiveCfg = Debug|Any CPU
		{CF2FF087-B906-465C-B9D5-040C522C792F}.Debug|Any CPU.Build.0 = Debug|Any CPU
		{CF2FF087-B906-465C-B9D5-040C522C792F}.Release|Any CPU.ActiveCfg = Release|Any CPU
		{CF2FF087-B906-465C-B9D5-040C522C792F}.Release|Any CPU.Build.0 = Release|Any CPU
	EndGlobalSection
	GlobalSection(SolutionProperties) = preSolution
		HideSolutionNode = FALSE
	EndGlobalSection
	GlobalSection(ExtensibilityGlobals) = postSolution
		SolutionGuid = {111A896F-B7AF-4DB6-B3F8-B7B991911B73}
	EndGlobalSection
EndGlobal
